{
  "name": "repromise-example-binding",
  "version": "1.0.0",
  "lockfileVersion": 1,
  "requires": true,
  "dependencies": {
    "@aantron/repromise": {
      "version": "github:aantron/repromise#d3a2e666c8c3dc4cbaf025d699fa186f532562e6"
    },
    "bs-platform": {
      "version": "2.2.3",
      "resolved": "https://registry.npmjs.org/bs-platform/-/bs-platform-2.2.3.tgz",
      "integrity": "sha1-2QWuEKXzYh5qc5BB36C1hIOiF08="
    },
    "node-fetch": {
      "version": "2.1.2",
      "resolved": "https://registry.npmjs.org/node-fetch/-/node-fetch-2.1.2.tgz",
      "integrity": "sha1-q4hOjn5X44qUR1POxwb3iNF2i7U="
    }
  }
}
